// !$*UTF8*$!
{
	archiveVersion = 1;
	classes = {
	};
	objectVersion = 56;
	objects = {

/* Begin PBXBuildFile section */
		E9D491F62C7350BC00DE38B5 /* EmojiLoverApp.swift in Sources */ = {isa = PBXBuildFile; fileRef = E9D491F52C7350BC00DE38B5 /* EmojiLoverApp.swift */; };
		E9D491F82C7350BC00DE38B5 /* ContentView.swift in Sources */ = {isa = PBXBuildFile; fileRef = E9D491F72C7350BC00DE38B5 /* ContentView.swift */; };
		E9D491FA2C7350BD00DE38B5 /* Assets.xcassets in Resources */ = {isa = PBXBuildFile; fileRef = E9D491F92C7350BD00DE38B5 /* Assets.xcassets */; };
		E9D491FD2C7350BD00DE38B5 /* Preview Assets.xcassets in Resources */ = {isa = PBXBuildFile; fileRef = E9D491FC2C7350BD00DE38B5 /* Preview Assets.xcassets */; };
		E9D492072C7350BE00DE38B5 /* EmojiLoverTests.swift in Sources */ = {isa = PBXBuildFile; fileRef = E9D492062C7350BE00DE38B5 /* EmojiLoverTests.swift */; };
		E9D492112C7350BE00DE38B5 /* EmojiLoverUITests.swift in Sources */ = {isa = PBXBuildFile; fileRef = E9D492102C7350BE00DE38B5 /* EmojiLoverUITests.swift */; };
		E9D492132C7350BE00DE38B5 /* EmojiLoverUITestsLaunchTests.swift in Sources */ = {isa = PBXBuildFile; fileRef = E9D492122C7350BE00DE38B5 /* EmojiLoverUITestsLaunchTests.swift */; };
/* End PBXBuildFile section */

/* Begin PBXContainerItemProxy section */
		E9D492032C7350BE00DE38B5 /* PBXContainerItemProxy */ = {
			isa = PBXContainerItemProxy;
			containerPortal = E9D491EA2C7350BC00DE38B5 /* Project object */;
			proxyType = 1;
			remoteGlobalIDString = E9D491F12C7350BC00DE38B5;
			remoteInfo = EmojiLover;
		};
		E9D4920D2C7350BE00DE38B5 /* PBXContainerItemProxy */ = {
			isa = PBXContainerItemProxy;
			containerPortal = E9D491EA2C7350BC00DE38B5 /* Project object */;
			proxyType = 1;
			remoteGlobalIDString = E9D491F12C7350BC00DE38B5;
			remoteInfo = EmojiLover;
		};
/* End PBXContainerItemProxy section */

/* Begin PBXFileReference section */
		E9D491F22C7350BC00DE38B5 /* EmojiLover.app */ = {isa = PBXFileReference; explicitFileType = wrapper.application; includeInIndex = 0; path = EmojiLover.app; sourceTree = BUILT_PRODUCTS_DIR; };
		E9D491F52C7350BC00DE38B5 /* EmojiLoverApp.swift */ = {isa = PBXFileReference; lastKnownFileType = sourcecode.swift; path = EmojiLoverApp.swift; sourceTree = "<group>"; };
		E9D491F72C7350BC00DE38B5 /* ContentView.swift */ = {isa = PBXFileReference; lastKnownFileType = sourcecode.swift; path = ContentView.swift; sourceTree = "<group>"; };
		E9D491F92C7350BD00DE38B5 /* Assets.xcassets */ = {isa = PBXFileReference; lastKnownFileType = folder.assetcatalog; path = Assets.xcassets; sourceTree = "<group>"; };
		E9D491FC2C7350BD00DE38B5 /* Preview Assets.xcassets */ = {isa = PBXFileReference; lastKnownFileType = folder.assetcatalog; path = "Preview Assets.xcassets"; sourceTree = "<group>"; };
		E9D492022C7350BE00DE38B5 /* EmojiLoverTests.xctest */ = {isa = PBXFileReference; explicitFileType = wrapper.cfbundle; includeInIndex = 0; path = EmojiLoverTests.xctest; sourceTree = BUILT_PRODUCTS_DIR; };
		E9D492062C7350BE00DE38B5 /* EmojiLoverTests.swift */ = {isa = PBXFileReference; lastKnownFileType = sourcecode.swift; path = EmojiLoverTests.swift; sourceTree = "<group>"; };
		E9D4920C2C7350BE00DE38B5 /* EmojiLoverUITests.xctest */ = {isa = PBXFileReference; explicitFileType = wrapper.cfbundle; includeInIndex = 0; path = EmojiLoverUITests.xctest; sourceTree = BUILT_PRODUCTS_DIR; };
		E9D492102C7350BE00DE38B5 /* EmojiLoverUITests.swift */ = {isa = PBXFileReference; lastKnownFileType = sourcecode.swift; path = EmojiLoverUITests.swift; sourceTree = "<group>"; };
		E9D492122C7350BE00DE38B5 /* EmojiLoverUITestsLaunchTests.swift */ = {isa = PBXFileReference; lastKnownFileType = sourcecode.swift; path = EmojiLoverUITestsLaunchTests.swift; sourceTree = "<group>"; };
/* End PBXFileReference section */

/* Begin PBXFrameworksBuildPhase section */
		E9D491EF2C7350BC00DE38B5 /* Frameworks */ = {
			isa = PBXFrameworksBuildPhase;
			buildActionMask = 2147483647;
			files = (
			);
			runOnlyForDeploymentPostprocessing = 0;
		};
		E9D491FF2C7350BE00DE38B5 /* Frameworks */ = {
			isa = PBXFrameworksBuildPhase;
			buildActionMask = 2147483647;
			files = (
			);
			runOnlyForDeploymentPostprocessing = 0;
		};
		E9D492092C7350BE00DE38B5 /* Frameworks */ = {
			isa = PBXFrameworksBuildPhase;
			buildActionMask = 2147483647;
			files = (
			);
			runOnlyForDeploymentPostprocessing = 0;
		};
/* End PBXFrameworksBuildPhase section */

/* Begin PBXGroup section */
		E9D491E92C7350BC00DE38B5 = {
			isa = PBXGroup;
			children = (
				E9D491F42C7350BC00DE38B5 /* EmojiLover */,
				E9D492052C7350BE00DE38B5 /* EmojiLoverTests */,
				E9D4920F2C7350BE00DE38B5 /* EmojiLoverUITests */,
				E9D491F32C7350BC00DE38B5 /* Products */,
			);
			sourceTree = "<group>";
		};
		E9D491F32C7350BC00DE38B5 /* Products */ = {
			isa = PBXGroup;
			children = (
				E9D491F22C7350BC00DE38B5 /* EmojiLover.app */,
				E9D492022C7350BE00DE38B5 /* EmojiLoverTests.xctest */,
				E9D4920C2C7350BE00DE38B5 /* EmojiLoverUITests.xctest */,
			);
			name = Products;
			sourceTree = "<group>";
		};
		E9D491F42C7350BC00DE38B5 /* EmojiLover */ = {
			isa = PBXGroup;
			children = (
				E9D491F52C7350BC00DE38B5 /* EmojiLoverApp.swift */,
				E9D491F72C7350BC00DE38B5 /* ContentView.swift */,
				E9D491F92C7350BD00DE38B5 /* Assets.xcassets */,
				E9D491FB2C7350BD00DE38B5 /* Preview Content */,
			);
			path = EmojiLover;
			sourceTree = "<group>";
		};
		E9D491FB2C7350BD00DE38B5 /* Preview Content */ = {
			isa = PBXGroup;
			children = (
				E9D491FC2C7350BD00DE38B5 /* Preview Assets.xcassets */,
			);
			path = "Preview Content";
			sourceTree = "<group>";
		};
		E9D492052C7350BE00DE38B5 /* EmojiLoverTests */ = {
			isa = PBXGroup;
			children = (
				E9D492062C7350BE00DE38B5 /* EmojiLoverTests.swift */,
			);
			path = EmojiLoverTests;
			sourceTree = "<group>";
		};
		E9D4920F2C7350BE00DE38B5 /* EmojiLoverUITests */ = {
			isa = PBXGroup;
			children = (
				E9D492102C7350BE00DE38B5 /* EmojiLoverUITests.swift */,
				E9D492122C7350BE00DE38B5 /* EmojiLoverUITestsLaunchTests.swift */,
			);
			path = EmojiLoverUITests;
			sourceTree = "<group>";
		};
/* End PBXGroup section */

/* Begin PBXNativeTarget section */
		E9D491F12C7350BC00DE38B5 /* EmojiLover */ = {
			isa = PBXNativeTarget;
			buildConfigurationList = E9D492162C7350BE00DE38B5 /* Build configuration list for PBXNativeTarget "EmojiLover" */;
			buildPhases = (
				E9D491EE2C7350BC00DE38B5 /* Sources */,
				E9D491EF2C7350BC00DE38B5 /* Frameworks */,
				E9D491F02C7350BC00DE38B5 /* Resources */,
			);
			buildRules = (
			);
			dependencies = (
			);
			name = EmojiLover;
			productName = EmojiLover;
			productReference = E9D491F22C7350BC00DE38B5 /* EmojiLover.app */;
			productType = "com.apple.product-type.application";
		};
		E9D492012C7350BE00DE38B5 /* EmojiLoverTests */ = {
			isa = PBXNativeTarget;
			buildConfigurationList = E9D492192C7350BE00DE38B5 /* Build configuration list for PBXNativeTarget "EmojiLoverTests" */;
			buildPhases = (
				E9D491FE2C7350BE00DE38B5 /* Sources */,
				E9D491FF2C7350BE00DE38B5 /* Frameworks */,
				E9D492002C7350BE00DE38B5 /* Resources */,
			);
			buildRules = (
			);
			dependencies = (
				E9D492042C7350BE00DE38B5 /* PBXTargetDependency */,
			);
			name = EmojiLoverTests;
			productName = EmojiLoverTests;
			productReference = E9D492022C7350BE00DE38B5 /* EmojiLoverTests.xctest */;
			productType = "com.apple.product-type.bundle.unit-test";
		};
		E9D4920B2C7350BE00DE38B5 /* EmojiLoverUITests */ = {
			isa = PBXNativeTarget;
			buildConfigurationList = E9D4921C2C7350BE00DE38B5 /* Build configuration list for PBXNativeTarget "EmojiLoverUITests" */;
			buildPhases = (
				E9D492082C7350BE00DE38B5 /* Sources */,
				E9D492092C7350BE00DE38B5 /* Frameworks */,
				E9D4920A2C7350BE00DE38B5 /* Resources */,
			);
			buildRules = (
			);
			dependencies = (
				E9D4920E2C7350BE00DE38B5 /* PBXTargetDependency */,
			);
			name = EmojiLoverUITests;
			productName = EmojiLoverUITests;
			productReference = E9D4920C2C7350BE00DE38B5 /* EmojiLoverUITests.xctest */;
			productType = "com.apple.product-type.bundle.ui-testing";
		};
/* End PBXNativeTarget section */

/* Begin PBXProject section */
		E9D491EA2C7350BC00DE38B5 /* Project object */ = {
			isa = PBXProject;
			attributes = {
				BuildIndependentTargetsInParallel = 1;
				LastSwiftUpdateCheck = 1540;
				LastUpgradeCheck = 1540;
				TargetAttributes = {
					E9D491F12C7350BC00DE38B5 = {
						CreatedOnToolsVersion = 15.4;
					};
					E9D492012C7350BE00DE38B5 = {
						CreatedOnToolsVersion = 15.4;
						TestTargetID = E9D491F12C7350BC00DE38B5;
					};
					E9D4920B2C7350BE00DE38B5 = {
						CreatedOnToolsVersion = 15.4;
						TestTargetID = E9D491F12C7350BC00DE38B5;
					};
				};
			};
			buildConfigurationList = E9D491ED2C7350BC00DE38B5 /* Build configuration list for PBXProject "EmojiLover" */;
			compatibilityVersion = "Xcode 14.0";
			developmentRegion = en;
			hasScannedForEncodings = 0;
			knownRegions = (
				en,
				Base,
			);
			mainGroup = E9D491E92C7350BC00DE38B5;
			productRefGroup = E9D491F32C7350BC00DE38B5 /* Products */;
			projectDirPath = "";
			projectRoot = "";
			targets = (
				E9D491F12C7350BC00DE38B5 /* EmojiLover */,
				E9D492012C7350BE00DE38B5 /* EmojiLoverTests */,
				E9D4920B2C7350BE00DE38B5 /* EmojiLoverUITests */,
			);
		};
/* End PBXProject section */

/* Begin PBXResourcesBuildPhase section */
		E9D491F02C7350BC00DE38B5 /* Resources */ = {
			isa = PBXResourcesBuildPhase;
			buildActionMask = 2147483647;
			files = (
				E9D491FD2C7350BD00DE38B5 /* Preview Assets.xcassets in Resources */,
				E9D491FA2C7350BD00DE38B5 /* Assets.xcassets in Resources */,
			);
			runOnlyForDeploymentPostprocessing = 0;
		};
		E9D492002C7350BE00DE38B5 /* Resources */ = {
			isa = PBXResourcesBuildPhase;
			buildActionMask = 2147483647;
			files = (
			);
			runOnlyForDeploymentPostprocessing = 0;
		};
		E9D4920A2C7350BE00DE38B5 /* Resources */ = {
			isa = PBXResourcesBuildPhase;
			buildActionMask = 2147483647;
			files = (
			);
			runOnlyForDeploymentPostprocessing = 0;
		};
/* End PBXResourcesBuildPhase section */

/* Begin PBXSourcesBuildPhase section */
		E9D491EE2C7350BC00DE38B5 /* Sources */ = {
			isa = PBXSourcesBuildPhase;
			buildActionMask = 2147483647;
			files = (
				E9D491F82C7350BC00DE38B5 /* ContentView.swift in Sources */,
				E9D491F62C7350BC00DE38B5 /* EmojiLoverApp.swift in Sources */,
			);
			runOnlyForDeploymentPostprocessing = 0;
		};
		E9D491FE2C7350BE00DE38B5 /* Sources */ = {
			isa = PBXSourcesBuildPhase;
			buildActionMask = 2147483647;
			files = (
				E9D492072C7350BE00DE38B5 /* EmojiLoverTests.swift in Sources */,
			);
			runOnlyForDeploymentPostprocessing = 0;
		};
		E9D492082C7350BE00DE38B5 /* Sources */ = {
			isa = PBXSourcesBuildPhase;
			buildActionMask = 2147483647;
			files = (
				E9D492132C7350BE00DE38B5 /* EmojiLoverUITestsLaunchTests.swift in Sources */,
				E9D492112C7350BE00DE38B5 /* EmojiLoverUITests.swift in Sources */,
			);
			runOnlyForDeploymentPostprocessing = 0;
		};
/* End PBXSourcesBuildPhase section */

/* Begin PBXTargetDependency section */
		E9D492042C7350BE00DE38B5 /* PBXTargetDependency */ = {
			isa = PBXTargetDependency;
			target = E9D491F12C7350BC00DE38B5 /* EmojiLover */;
			targetProxy = E9D492032C7350BE00DE38B5 /* PBXContainerItemProxy */;
		};
		E9D4920E2C7350BE00DE38B5 /* PBXTargetDependency */ = {
			isa = PBXTargetDependency;
			target = E9D491F12C7350BC00DE38B5 /* EmojiLover */;
			targetProxy = E9D4920D2C7350BE00DE38B5 /* PBXContainerItemProxy */;
		};
/* End PBXTargetDependency section */

/* Begin XCBuildConfiguration section */
		E9D492142C7350BE00DE38B5 /* Debug */ = {
			isa = XCBuildConfiguration;
			buildSettings = {
				ALWAYS_SEARCH_USER_PATHS = NO;
				ASSETCATALOG_COMPILER_GENERATE_SWIFT_ASSET_SYMBOL_EXTENSIONS = YES;
				CLANG_ANALYZER_NONNULL = YES;
				CLANG_ANALYZER_NUMBER_OBJECT_CONVERSION = YES_AGGRESSIVE;
				CLANG_CXX_LANGUAGE_STANDARD = "gnu++20";
				CLANG_ENABLE_MODULES = YES;
				CLANG_ENABLE_OBJC_ARC = YES;
				CLANG_ENABLE_OBJC_WEAK = YES;
				CLANG_WARN_BLOCK_CAPTURE_AUTORELEASING = YES;
				CLANG_WARN_BOOL_CONVERSION = YES;
				CLANG_WARN_COMMA = YES;
				CLANG_WARN_CONSTANT_CONVERSION = YES;
				CLANG_WARN_DEPRECATED_OBJC_IMPLEMENTATIONS = YES;
				CLANG_WARN_DIRECT_OBJC_ISA_USAGE = YES_ERROR;
				CLANG_WARN_DOCUMENTATION_COMMENTS = YES;
				CLANG_WARN_EMPTY_BODY = YES;
				CLANG_WARN_ENUM_CONVERSION = YES;
				CLANG_WARN_INFINITE_RECURSION = YES;
				CLANG_WARN_INT_CONVERSION = YES;
				CLANG_WARN_NON_LITERAL_NULL_CONVERSION = YES;
				CLANG_WARN_OBJC_IMPLICIT_RETAIN_SELF = YES;
				CLANG_WARN_OBJC_LITERAL_CONVERSION = YES;
				CLANG_WARN_OBJC_ROOT_CLASS = YES_ERROR;
				CLANG_WARN_QUOTED_INCLUDE_IN_FRAMEWORK_HEADER = YES;
				CLANG_WARN_RANGE_LOOP_ANALYSIS = YES;
				CLANG_WARN_STRICT_PROTOTYPES = YES;
				CLANG_WARN_SUSPICIOUS_MOVE = YES;
				CLANG_WARN_UNGUARDED_AVAILABILITY = YES_AGGRESSIVE;
				CLANG_WARN_UNREACHABLE_CODE = YES;
				CLANG_WARN__DUPLICATE_METHOD_MATCH = YES;
				COPY_PHASE_STRIP = NO;
				DEBUG_INFORMATION_FORMAT = dwarf;
				ENABLE_STRICT_OBJC_MSGSEND = YES;
				ENABLE_TESTABILITY = YES;
				ENABLE_USER_SCRIPT_SANDBOXING = YES;
				GCC_C_LANGUAGE_STANDARD = gnu17;
				GCC_DYNAMIC_NO_PIC = NO;
				GCC_NO_COMMON_BLOCKS = YES;
				GCC_OPTIMIZATION_LEVEL = 0;
				GCC_PREPROCESSOR_DEFINITIONS = (
					"DEBUG=1",
					"$(inherited)",
				);
				GCC_WARN_64_TO_32_BIT_CONVERSION = YES;
				GCC_WARN_ABOUT_RETURN_TYPE = YES_ERROR;
				GCC_WARN_UNDECLARED_SELECTOR = YES;
				GCC_WARN_UNINITIALIZED_AUTOS = YES_AGGRESSIVE;
				GCC_WARN_UNUSED_FUNCTION = YES;
				GCC_WARN_UNUSED_VARIABLE = YES;
				IPHONEOS_DEPLOYMENT_TARGET = 17.5;
				LOCALIZATION_PREFERS_STRING_CATALOGS = YES;
				MTL_ENABLE_DEBUG_INFO = INCLUDE_SOURCE;
				MTL_FAST_MATH = YES;
				ONLY_ACTIVE_ARCH = YES;
				SDKROOT = iphoneos;
				SWIFT_ACTIVE_COMPILATION_CONDITIONS = "DEBUG $(inherited)";
				SWIFT_OPTIMIZATION_LEVEL = "-Onone";
			};
			name = Debug;
		};
		E9D492152C7350BE00DE38B5 /* Release */ = {
			isa = XCBuildConfiguration;
			buildSettings = {
				ALWAYS_SEARCH_USER_PATHS = NO;
				ASSETCATALOG_COMPILER_GENERATE_SWIFT_ASSET_SYMBOL_EXTENSIONS = YES;
				CLANG_ANALYZER_NONNULL = YES;
				CLANG_ANALYZER_NUMBER_OBJECT_CONVERSION = YES_AGGRESSIVE;
				CLANG_CXX_LANGUAGE_STANDARD = "gnu++20";
				CLANG_ENABLE_MODULES = YES;
				CLANG_ENABLE_OBJC_ARC = YES;
				CLANG_ENABLE_OBJC_WEAK = YES;
				CLANG_WARN_BLOCK_CAPTURE_AUTORELEASING = YES;
				CLANG_WARN_BOOL_CONVERSION = YES;
				CLANG_WARN_COMMA = YES;
				CLANG_WARN_CONSTANT_CONVERSION = YES;
				CLANG_WARN_DEPRECATED_OBJC_IMPLEMENTATIONS = YES;
				CLANG_WARN_DIRECT_OBJC_ISA_USAGE = YES_ERROR;
				CLANG_WARN_DOCUMENTATION_COMMENTS = YES;
				CLANG_WARN_EMPTY_BODY = YES;
				CLANG_WARN_ENUM_CONVERSION = YES;
				CLANG_WARN_INFINITE_RECURSION = YES;
				CLANG_WARN_INT_CONVERSION = YES;
				CLANG_WARN_NON_LITERAL_NULL_CONVERSION = YES;
				CLANG_WARN_OBJC_IMPLICIT_RETAIN_SELF = YES;
				CLANG_WARN_OBJC_LITERAL_CONVERSION = YES;
				CLANG_WARN_OBJC_ROOT_CLASS = YES_ERROR;
				CLANG_WARN_QUOTED_INCLUDE_IN_FRAMEWORK_HEADER = YES;
				CLANG_WARN_RANGE_LOOP_ANALYSIS = YES;
				CLANG_WARN_STRICT_PROTOTYPES = YES;
				CLANG_WARN_SUSPICIOUS_MOVE = YES;
				CLANG_WARN_UNGUARDED_AVAILABILITY = YES_AGGRESSIVE;
				CLANG_WARN_UNREACHABLE_CODE = YES;
				CLANG_WARN__DUPLICATE_METHOD_MATCH = YES;
				COPY_PHASE_STRIP = NO;
				DEBUG_INFORMATION_FORMAT = "dwarf-with-dsym";
				ENABLE_NS_ASSERTIONS = NO;
				ENABLE_STRICT_OBJC_MSGSEND = YES;
				ENABLE_USER_SCRIPT_SANDBOXING = YES;
				GCC_C_LANGUAGE_STANDARD = gnu17;
				GCC_NO_COMMON_BLOCKS = YES;
				GCC_WARN_64_TO_32_BIT_CONVERSION = YES;
				GCC_WARN_ABOUT_RETURN_TYPE = YES_ERROR;
				GCC_WARN_UNDECLARED_SELECTOR = YES;
				GCC_WARN_UNINITIALIZED_AUTOS = YES_AGGRESSIVE;
				GCC_WARN_UNUSED_FUNCTION = YES;
				GCC_WARN_UNUSED_VARIABLE = YES;
				IPHONEOS_DEPLOYMENT_TARGET = 17.5;
				LOCALIZATION_PREFERS_STRING_CATALOGS = YES;
				MTL_ENABLE_DEBUG_INFO = NO;
				MTL_FAST_MATH = YES;
				SDKROOT = iphoneos;
				SWIFT_COMPILATION_MODE = wholemodule;
				VALIDATE_PRODUCT = YES;
			};
			name = Release;
		};
		E9D492172C7350BE00DE38B5 /* Debug */ = {
			isa = XCBuildConfiguration;
			buildSettings = {
				ASSETCATALOG_COMPILER_APPICON_NAME = AppIcon;
				ASSETCATALOG_COMPILER_GLOBAL_ACCENT_COLOR_NAME = AccentColor;
				CODE_SIGN_STYLE = Automatic;
				CURRENT_PROJECT_VERSION = 1;
				DEVELOPMENT_ASSET_PATHS = "\"EmojiLover/Preview Content\"";
				DEVELOPMENT_TEAM = PG92XB48C7;
				ENABLE_PREVIEWS = YES;
				GENERATE_INFOPLIST_FILE = YES;
				INFOPLIST_KEY_UIApplicationSceneManifest_Generation = YES;
				INFOPLIST_KEY_UIApplicationSupportsIndirectInputEvents = YES;
				INFOPLIST_KEY_UILaunchScreen_Generation = YES;
				INFOPLIST_KEY_UISupportedInterfaceOrientations_iPad = "UIInterfaceOrientationPortrait UIInterfaceOrientationPortraitUpsideDown UIInterfaceOrientationLandscapeLeft UIInterfaceOrientationLandscapeRight";
				INFOPLIST_KEY_UISupportedInterfaceOrientations_iPhone = "UIInterfaceOrientationPortrait UIInterfaceOrientationLandscapeLeft UIInterfaceOrientationLandscapeRight";
				LD_RUNPATH_SEARCH_PATHS = (
					"$(inherited)",
					"@executable_path/Frameworks",
				);
				MARKETING_VERSION = 1.0;
				PRODUCT_BUNDLE_IDENTIFIER = farhan.EmojiLover;
				PRODUCT_NAME = "$(TARGET_NAME)";
				SWIFT_EMIT_LOC_STRINGS = YES;
				SWIFT_VERSION = 5.0;
				TARGETED_DEVICE_FAMILY = "1,2";
			};
			name = Debug;
		};
		E9D492182C7350BE00DE38B5 /* Release */ = {
			isa = XCBuildConfiguration;
			buildSettings = {
				ASSETCATALOG_COMPILER_APPICON_NAME = AppIcon;
				ASSETCATALOG_COMPILER_GLOBAL_ACCENT_COLOR_NAME = AccentColor;
				CODE_SIGN_STYLE = Automatic;
				CURRENT_PROJECT_VERSION = 1;
				DEVELOPMENT_ASSET_PATHS = "\"EmojiLover/Preview Content\"";
				DEVELOPMENT_TEAM = PG92XB48C7;
				ENABLE_PREVIEWS = YES;
				GENERATE_INFOPLIST_FILE = YES;
				INFOPLIST_KEY_UIApplicationSceneManifest_Generation = YES;
				INFOPLIST_KEY_UIApplicationSupportsIndirectInputEvents = YES;
				INFOPLIST_KEY_UILaunchScreen_Generation = YES;
				INFOPLIST_KEY_UISupportedInterfaceOrientations_iPad = "UIInterfaceOrientationPortrait UIInterfaceOrientationPortraitUpsideDown UIInterfaceOrientationLandscapeLeft UIInterfaceOrientationLandscapeRight";
				INFOPLIST_KEY_UISupportedInterfaceOrientations_iPhone = "UIInterfaceOrientationPortrait UIInterfaceOrientationLandscapeLeft UIInterfaceOrientationLandscapeRight";
				LD_RUNPATH_SEARCH_PATHS = (
					"$(inherited)",
					"@executable_path/Frameworks",
				);
				MARKETING_VERSION = 1.0;
				PRODUCT_BUNDLE_IDENTIFIER = farhan.EmojiLover;
				PRODUCT_NAME = "$(TARGET_NAME)";
				SWIFT_EMIT_LOC_STRINGS = YES;
				SWIFT_VERSION = 5.0;
				TARGETED_DEVICE_FAMILY = "1,2";
			};
			name = Release;
		};
		E9D4921A2C7350BE00DE38B5 /* Debug */ = {
			isa = XCBuildConfiguration;
			buildSettings = {
				ALWAYS_EMBED_SWIFT_STANDARD_LIBRARIES = YES;
				BUNDLE_LOADER = "$(TEST_HOST)";
				CODE_SIGN_STYLE = Automatic;
				CURRENT_PROJECT_VERSION = 1;
				DEVELOPMENT_TEAM = PG92XB48C7;
				GENERATE_INFOPLIST_FILE = YES;
				IPHONEOS_DEPLOYMENT_TARGET = 17.5;
				MARKETING_VERSION = 1.0;
				PRODUCT_BUNDLE_IDENTIFIER = farhan.EmojiLoverTests;
				PRODUCT_NAME = "$(TARGET_NAME)";
				SWIFT_EMIT_LOC_STRINGS = NO;
				SWIFT_VERSION = 5.0;
				TARGETED_DEVICE_FAMILY = "1,2";
				TEST_HOST = "$(BUILT_PRODUCTS_DIR)/EmojiLover.app/$(BUNDLE_EXECUTABLE_FOLDER_PATH)/EmojiLover";
			};
			name = Debug;
		};
		E9D4921B2C7350BE00DE38B5 /* Release */ = {
			isa = XCBuildConfiguration;
			buildSettings = {
				ALWAYS_EMBED_SWIFT_STANDARD_LIBRARIES = YES;
				BUNDLE_LOADER = "$(TEST_HOST)";
				CODE_SIGN_STYLE = Automatic;
				CURRENT_PROJECT_VERSION = 1;
				DEVELOPMENT_TEAM = PG92XB48C7;
				GENERATE_INFOPLIST_FILE = YES;
				IPHONEOS_DEPLOYMENT_TARGET = 17.5;
				MARKETING_VERSION = 1.0;
				PRODUCT_BUNDLE_IDENTIFIER = farhan.EmojiLoverTests;
				PRODUCT_NAME = "$(TARGET_NAME)";
				SWIFT_EMIT_LOC_STRINGS = NO;
				SWIFT_VERSION = 5.0;
				TARGETED_DEVICE_FAMILY = "1,2";
				TEST_HOST = "$(BUILT_PRODUCTS_DIR)/EmojiLover.app/$(BUNDLE_EXECUTABLE_FOLDER_PATH)/EmojiLover";
			};
			name = Release;
		};
		E9D4921D2C7350BE00DE38B5 /* Debug */ = {
			isa = XCBuildConfiguration;
			buildSettings = {
				ALWAYS_EMBED_SWIFT_STANDARD_LIBRARIES = YES;
				CODE_SIGN_STYLE = Automatic;
				CURRENT_PROJECT_VERSION = 1;
				DEVELOPMENT_TEAM = PG92XB48C7;
				GENERATE_INFOPLIST_FILE = YES;
				MARKETING_VERSION = 1.0;
				PRODUCT_BUNDLE_IDENTIFIER = farhan.EmojiLoverUITests;
				PRODUCT_NAME = "$(TARGET_NAME)";
				SWIFT_EMIT_LOC_STRINGS = NO;
				SWIFT_VERSION = 5.0;
				TARGETED_DEVICE_FAMILY = "1,2";
				TEST_TARGET_NAME = EmojiLover;
			};
			name = Debug;
		};
		E9D4921E2C7350BE00DE38B5 /* Release */ = {
			isa = XCBuildConfiguration;
			buildSettings = {
				ALWAYS_EMBED_SWIFT_STANDARD_LIBRARIES = YES;
				CODE_SIGN_STYLE = Automatic;
				CURRENT_PROJECT_VERSION = 1;
				DEVELOPMENT_TEAM = PG92XB48C7;
				GENERATE_INFOPLIST_FILE = YES;
				MARKETING_VERSION = 1.0;
				PRODUCT_BUNDLE_IDENTIFIER = farhan.EmojiLoverUITests;
				PRODUCT_NAME = "$(TARGET_NAME)";
				SWIFT_EMIT_LOC_STRINGS = NO;
				SWIFT_VERSION = 5.0;
				TARGETED_DEVICE_FAMILY = "1,2";
				TEST_TARGET_NAME = EmojiLover;
			};
			name = Release;
		};
/* End XCBuildConfiguration section */

/* Begin XCConfigurationList section */
		E9D491ED2C7350BC00DE38B5 /* Build configuration list for PBXProject "EmojiLover" */ = {
			isa = XCConfigurationList;
			buildConfigurations = (
				E9D492142C7350BE00DE38B5 /* Debug */,
				E9D492152C7350BE00DE38B5 /* Release */,
			);
			defaultConfigurationIsVisible = 0;
			defaultConfigurationName = Release;
		};
		E9D492162C7350BE00DE38B5 /* Build configuration list for PBXNativeTarget "EmojiLover" */ = {
			isa = XCConfigurationList;
			buildConfigurations = (
				E9D492172C7350BE00DE38B5 /* Debug */,
				E9D492182C7350BE00DE38B5 /* Release */,
			);
			defaultConfigurationIsVisible = 0;
			defaultConfigurationName = Release;
		};
		E9D492192C7350BE00DE38B5 /* Build configuration list for PBXNativeTarget "EmojiLoverTests" */ = {
			isa = XCConfigurationList;
			buildConfigurations = (
				E9D4921A2C7350BE00DE38B5 /* Debug */,
				E9D4921B2C7350BE00DE38B5 /* Release */,
			);
			defaultConfigurationIsVisible = 0;
			defaultConfigurationName = Release;
		};
		E9D4921C2C7350BE00DE38B5 /* Build configuration list for PBXNativeTarget "EmojiLoverUITests" */ = {
			isa = XCConfigurationList;
			buildConfigurations = (
				E9D4921D2C7350BE00DE38B5 /* Debug */,
				E9D4921E2C7350BE00DE38B5 /* Release */,
			);
			defaultConfigurationIsVisible = 0;
			defaultConfigurationName = Release;
		};
/* End XCConfigurationList section */
	};
	rootObject = E9D491EA2C7350BC00DE38B5 /* Project object */;
}
